<?xml version="1.0" encoding="utf-8"?>
<Project ToolsVersion="4.0" xmlns="http://schemas.microsoft.com/developer/msbuild/2003">
  <ItemGroup>
    <Filter Include="Source Files">
      <UniqueIdentifier>{4FC737F1-C7A5-4376-A066-2A32D752A2FF}</UniqueIdentifier>
      <Extensions>cpp;c;cc;cxx;def;odl;idl;hpj;bat;asm;asmx</Extensions>
    </Filter>
    <Filter Include="Header Files">
      <UniqueIdentifier>{93995380-89BD-4b04-88EB-625FBE52EBFB}</UniqueIdentifier>
      <Extensions>h;hpp;hxx;hm;inl;inc;xsd</Extensions>
    </Filter>
    <Filter Include="Shader Files">
      <UniqueIdentifier>{67DA6AB6-F800-4c08-8B7A-83BB121AAD01}</UniqueIdentifier>
      <Extensions>rc;ico;cur;bmp;dlg;rc2;rct;bin;rgs;gif;jpg;jpeg;jpe;resx;tiff;tif;png;wav</Extensions>
    </Filter>
    <Filter Include="Header Files\GameObject">
      <UniqueIdentifier>{39206bfe-8c55-4f94-a08e-57b5c36fc4af}</UniqueIdentifier>
    </Filter>
    <Filter Include="Source Files\GameObject">
      <UniqueIdentifier>{29f7d228-78e3-4bed-bcda-1ae3c3c0ae4d}</UniqueIdentifier>
    </Filter>
    <Filter Include="Header Files\Model">
      <UniqueIdentifier>{fce49cab-9941-4192-8e94-0670a360d7ea}</UniqueIdentifier>
    </Filter>
    <Filter Include="Source Files\Model">
      <UniqueIdentifier>{cf0cd9da-1aef-4951-bc08-ecfaa908d708}</UniqueIdentifier>
    </Filter>
    <Filter Include="Header Files\Shaders">
      <UniqueIdentifier>{ed322a93-b630-424e-afba-e63d728d90f6}</UniqueIdentifier>
    </Filter>
    <Filter Include="Source Files\Shaders">
      <UniqueIdentifier>{8a62074b-942a-4ba0-b87d-090148d74699}</UniqueIdentifier>
    </Filter>
    <Filter Include="Header Files\Object">
      <UniqueIdentifier>{27cdb557-4194-41ef-b9a0-976e83285760}</UniqueIdentifier>
    </Filter>
    <Filter Include="Header Files\Utility">
      <UniqueIdentifier>{5bacbff3-4157-4f44-8c6b-d160f3b48b95}</UniqueIdentifier>
    </Filter>
    <Filter Include="Source Files\Object">
      <UniqueIdentifier>{a5ae956f-2dd8-429c-bf17-a59c51d23864}</UniqueIdentifier>
    </Filter>
    <Filter Include="Source Files\Utility">
      <UniqueIdentifier>{4c1911bf-2a30-4c1b-a3e8-59573c8e5367}</UniqueIdentifier>
    </Filter>
  </ItemGroup>
  <ItemGroup>
    <ClInclude Include="GameObject.h">
      <Filter>Header Files\GameObject</Filter>
    </ClInclude>
    <ClInclude Include="TextureGameObject.h">
      <Filter>Header Files\GameObject</Filter>
    </ClInclude>
    <ClInclude Include="LightGameObject.h">
      <Filter>Header Files\GameObject</Filter>
    </ClInclude>
    <ClInclude Include="BumpMapGameObject.h">
      <Filter>Header Files\GameObject</Filter>
    </ClInclude>
    <ClInclude Include="bumpmodelclass.h">
      <Filter>Header Files\Model</Filter>
    </ClInclude>
    <ClInclude Include="firemodelclass.h">
      <Filter>Header Files\Model</Filter>
    </ClInclude>
    <ClInclude Include="modelclass.h">
      <Filter>Header Files\Model</Filter>
    </ClInclude>
    <ClInclude Include="bumpmapshaderclass.h">
      <Filter>Header Files\Shaders</Filter>
    </ClInclude>
    <ClInclude Include="FireShaderGameObject.h">
      <Filter>Header Files\GameObject</Filter>
    </ClInclude>
    <ClInclude Include="FontShaderClassA.h">
      <Filter>Header Files\Shaders</Filter>
    </ClInclude>
    <ClInclude Include="lightshaderclass.h">
      <Filter>Header Files\Shaders</Filter>
    </ClInclude>
    <ClInclude Include="shadermanagerclass.h">
      <Filter>Header Files\Shaders</Filter>
    </ClInclude>
    <ClInclude Include="textureshaderclass.h">
      <Filter>Header Files\Shaders</Filter>
    </ClInclude>
    <ClInclude Include="BitmapClassA.h">
      <Filter>Header Files\Model</Filter>
    </ClInclude>
    <ClInclude Include="fireshaderclass.h">
      <Filter>Header Files\Shaders</Filter>
    </ClInclude>
    <ClInclude Include="TextClassA.h">
      <Filter>Header Files\Model</Filter>
    </ClInclude>
    <ClInclude Include="cameraclass.h">
      <Filter>Header Files\Object</Filter>
    </ClInclude>
    <ClInclude Include="d3dclass.h">
      <Filter>Header Files\Object</Filter>
    </ClInclude>
    <ClInclude Include="FontClassA.h">
      <Filter>Header Files\Model</Filter>
    </ClInclude>
    <ClInclude Include="graphicsclass.h">
      <Filter>Header Files\Object</Filter>
    </ClInclude>
    <ClInclude Include="inputclass.h">
      <Filter>Header Files\Object</Filter>
    </ClInclude>
    <ClInclude Include="lightclass.h">
      <Filter>Header Files\Object</Filter>
    </ClInclude>
    <ClInclude Include="positionclass.h">
      <Filter>Header Files\Object</Filter>
    </ClInclude>
    <ClInclude Include="systemclass.h">
      <Filter>Header Files\Object</Filter>
    </ClInclude>
    <ClInclude Include="textureclass.h">
      <Filter>Header Files\Model</Filter>
    </ClInclude>
    <ClInclude Include="CollisionClass.h">
      <Filter>Header Files\Utility</Filter>
    </ClInclude>
    <ClInclude Include="DDSTextureLoader.h">
      <Filter>Header Files\Utility</Filter>
    </ClInclude>
    <ClInclude Include="timerclass.h">
      <Filter>Header Files\Utility</Filter>
    </ClInclude>
  </ItemGroup>
  <ItemGroup>
    <ClCompile Include="GameObject.cpp">
      <Filter>Source Files\GameObject</Filter>
    </ClCompile>
    <ClCompile Include="TextureGameObject.cpp">
      <Filter>Source Files\GameObject</Filter>
    </ClCompile>
    <ClCompile Include="LightGameObject.cpp">
      <Filter>Source Files\GameObject</Filter>
    </ClCompile>
    <ClCompile Include="BumpMapGameObject.cpp">
      <Filter>Source Files\GameObject</Filter>
    </ClCompile>
    <ClCompile Include="bumpmodelclass.cpp">
      <Filter>Source Files\Model</Filter>
    </ClCompile>
    <ClCompile Include="firemodelclass.cpp">
      <Filter>Source Files\Model</Filter>
    </ClCompile>
    <ClCompile Include="modelclass.cpp">
      <Filter>Source Files\Model</Filter>
    </ClCompile>
    <ClCompile Include="BitmapClassA.cpp">
      <Filter>Source Files\Model</Filter>
    </ClCompile>
    <ClCompile Include="bumpmapshaderclass.cpp">
      <Filter>Source Files\Shaders</Filter>
    </ClCompile>
    <ClCompile Include="fireshaderclass.cpp">
      <Filter>Source Files\Shaders</Filter>
    </ClCompile>
    <ClCompile Include="FireShaderGameObject.cpp">
      <Filter>Source Files\GameObject</Filter>
    </ClCompile>
    <ClCompile Include="FontClassA.cpp">
      <Filter>Source Files\Model</Filter>
    </ClCompile>
    <ClCompile Include="FontShaderClassA.cpp">
      <Filter>Source Files\Shaders</Filter>
    </ClCompile>
    <ClCompile Include="lightshaderclass.cpp">
      <Filter>Source Files\Shaders</Filter>
    </ClCompile>
    <ClCompile Include="shadermanagerclass.cpp">
      <Filter>Source Files\Shaders</Filter>
    </ClCompile>
    <ClCompile Include="TextClassA.cpp">
      <Filter>Source Files\Model</Filter>
    </ClCompile>
    <ClCompile Include="textureshaderclass.cpp">
      <Filter>Source Files\Shaders</Filter>
    </ClCompile>
    <ClCompile Include="cameraclass.cpp">
      <Filter>Source Files\Object</Filter>
    </ClCompile>
    <ClCompile Include="CollisionClass.cpp">
      <Filter>Source Files\Utility</Filter>
    </ClCompile>
    <ClCompile Include="d3dclass.cpp">
      <Filter>Source Files\Object</Filter>
    </ClCompile>
    <ClCompile Include="DDSTextureLoader.cpp">
      <Filter>Source Files\Utility</Filter>
    </ClCompile>
    <ClCompile Include="graphicsclass.cpp">
      <Filter>Source Files\Object</Filter>
    </ClCompile>
    <ClCompile Include="inputclass.cpp">
      <Filter>Source Files\Object</Filter>
    </ClCompile>
    <ClCompile Include="lightclass.cpp">
      <Filter>Source Files\Object</Filter>
    </ClCompile>
    <ClCompile Include="main.cpp">
      <Filter>Source Files</Filter>
    </ClCompile>
    <ClCompile Include="positionclass.cpp">
      <Filter>Source Files\Object</Filter>
    </ClCompile>
    <ClCompile Include="systemclass.cpp">
      <Filter>Source Files\Object</Filter>
    </ClCompile>
    <ClCompile Include="textureclass.cpp">
      <Filter>Source Files\Model</Filter>
    </ClCompile>
    <ClCompile Include="timerclass.cpp">
      <Filter>Source Files\Utility</Filter>
    </ClCompile>
  </ItemGroup>
  <ItemGroup>
    <None Include="bumpmap.ps">
      <Filter>Shader Files</Filter>
    </None>
    <None Include="light.ps">
      <Filter>Shader Files</Filter>
    </None>
    <None Include="texture.ps">
      <Filter>Shader Files</Filter>
    </None>
    <None Include="bumpmap.vs">
      <Filter>Shader Files</Filter>
    </None>
    <None Include="light.vs">
      <Filter>Shader Files</Filter>
    </None>
    <None Include="texture.vs">
      <Filter>Shader Files</Filter>
    </None>
    <None Include="ClassDiagram.cd" />
    <None Include="fire.ps">
      <Filter>Shader Files</Filter>
    </None>
    <None Include="fire.vs">
      <Filter>Shader Files</Filter>
    </None>
    <None Include="..\..\..\dx11src47\source\font.ps">
      <Filter>Shader Files</Filter>
    </None>
    <None Include="..\..\..\dx11src47\source\font.vs">
      <Filter>Shader Files</Filter>
    </None>
  </ItemGroup>
</Project>